{
  "name": "lorem_ipsum",
  "version": "1.0.0",
  "lockfileVersion": 2,
  "requires": true,
  "packages": {
    "": {
      "version": "1.0.0",
      "license": "MIT",
      "dependencies": {
        "vscode": "^0.9.9"
      },
      "engines": {
        "vscode": "^1.32.0"
      }
    },
    "node_modules/typescript": {
      "version": "1.8.10",
      "resolved": "https://registry.npmjs.org/typescript/-/typescript-1.8.10.tgz",
      "integrity": "sha1-tHXW4N/wv1DyluXKbvn7tccyDx4=",
      "bin": {
        "tsc": "bin/tsc",
        "tsserver": "bin/tsserver"
      },
      "engines": {
        "node": ">=0.8.0"
      }
    },
    "node_modules/vscode": {
      "version": "0.9.9",
      "resolved": "https://registry.npmjs.org/vscode/-/vscode-0.9.9.tgz",
      "integrity": "sha1-qpoWeCHg0g1AWfoBj9hA2+BSILM=",
      "deprecated": "This package is deprecated in favor of @types/vscode and vscode-test. For more information please read: https://code.visualstudio.com/updates/v1_36#_splitting-vscode-package-into-typesvscode-and-vscodetest",
      "dependencies": {
        "typescript": "^1.6.2"
      }
    }
  },
  "dependencies": {
    "typescript": {
      "version": "1.8.10",
      "resolved": "https://registry.npmjs.org/typescript/-/typescript-1.8.10.tgz",
      "integrity": "sha1-tHXW4N/wv1DyluXKbvn7tccyDx4="
    },
    "vscode": {
      "version": "0.9.9",
      "resolved": "https://registry.npmjs.org/vscode/-/vscode-0.9.9.tgz",
      "integrity": "sha1-qpoWeCHg0g1AWfoBj9hA2+BSILM=",
      "requires": {
        "typescript": "^1.6.2"
      }
    }
  }
}
